// !$*UTF8*$!
{
	archiveVersion = 1;
	classes = {
	};
	objectVersion = 46;
	objects = {

/* Begin PBXBuildFile section */
		2A9856941E568BFC00B9DCE6 /* AppDelegate.swift in Sources */ = {isa = PBXBuildFile; fileRef = 2A9856931E568BFC00B9DCE6 /* AppDelegate.swift */; };
		2A9856961E568BFC00B9DCE6 /* ViewController.swift in Sources */ = {isa = PBXBuildFile; fileRef = 2A9856951E568BFC00B9DCE6 /* ViewController.swift */; };
		2A9856991E568BFC00B9DCE6 /* Main.storyboard in Resources */ = {isa = PBXBuildFile; fileRef = 2A9856971E568BFC00B9DCE6 /* Main.storyboard */; };
		2A98569B1E568BFC00B9DCE6 /* Assets.xcassets in Resources */ = {isa = PBXBuildFile; fileRef = 2A98569A1E568BFC00B9DCE6 /* Assets.xcassets */; };
		2A98569E1E568BFC00B9DCE6 /* LaunchScreen.storyboard in Resources */ = {isa = PBXBuildFile; fileRef = 2A98569C1E568BFC00B9DCE6 /* LaunchScreen.storyboard */; };
		2A9856A91E568E4100B9DCE6 /* food_gyuukatsu.png in Resources */ = {isa = PBXBuildFile; fileRef = 2A9856A51E568E4100B9DCE6 /* food_gyuukatsu.png */; };
		2A9856AA1E568E4100B9DCE6 /* food_onion_gratin_soup.png in Resources */ = {isa = PBXBuildFile; fileRef = 2A9856A61E568E4100B9DCE6 /* food_onion_gratin_soup.png */; };
		2A9856AB1E568E4100B9DCE6 /* food_ramen_iekei.png in Resources */ = {isa = PBXBuildFile; fileRef = 2A9856A71E568E4100B9DCE6 /* food_ramen_iekei.png */; };
		2A9856AC1E568E4100B9DCE6 /* food_shrimp_cocktail.png in Resources */ = {isa = PBXBuildFile; fileRef = 2A9856A81E568E4100B9DCE6 /* food_shrimp_cocktail.png */; };
		2A9856AE1E56ECDE00B9DCE6 /* NextViewController.swift in Sources */ = {isa = PBXBuildFile; fileRef = 2A9856AD1E56ECDE00B9DCE6 /* NextViewController.swift */; };
/* End PBXBuildFile section */

/* Begin PBXFileReference section */
		2A9856901E568BFC00B9DCE6 /* Sildeshowapp.app */ = {isa = PBXFileReference; explicitFileType = wrapper.application; includeInIndex = 0; path = Sildeshowapp.app; sourceTree = BUILT_PRODUCTS_DIR; };
		2A9856931E568BFC00B9DCE6 /* AppDelegate.swift */ = {isa = PBXFileReference; lastKnownFileType = sourcecode.swift; path = AppDelegate.swift; sourceTree = "<group>"; };
		2A9856951E568BFC00B9DCE6 /* ViewController.swift */ = {isa = PBXFileReference; lastKnownFileType = sourcecode.swift; path = ViewController.swift; sourceTree = "<group>"; };
		2A9856981E568BFC00B9DCE6 /* Base */ = {isa = PBXFileReference; lastKnownFileType = file.storyboard; name = Base; path = Base.lproj/Main.storyboard; sourceTree = "<group>"; };
		2A98569A1E568BFC00B9DCE6 /* Assets.xcassets */ = {isa = PBXFileReference; lastKnownFileType = folder.assetcatalog; path = Assets.xcassets; sourceTree = "<group>"; };
		2A98569D1E568BFC00B9DCE6 /* Base */ = {isa = PBXFileReference; lastKnownFileType = file.storyboard; name = Base; path = Base.lproj/LaunchScreen.storyboard; sourceTree = "<group>"; };
		2A98569F1E568BFC00B9DCE6 /* Info.plist */ = {isa = PBXFileReference; lastKnownFileType = text.plist.xml; path = Info.plist; sourceTree = "<group>"; };
		2A9856A51E568E4100B9DCE6 /* food_gyuukatsu.png */ = {isa = PBXFileReference; lastKnownFileType = image.png; path = food_gyuukatsu.png; sourceTree = "<group>"; };
		2A9856A61E568E4100B9DCE6 /* food_onion_gratin_soup.png */ = {isa = PBXFileReference; lastKnownFileType = image.png; path = food_onion_gratin_soup.png; sourceTree = "<group>"; };
		2A9856A71E568E4100B9DCE6 /* food_ramen_iekei.png */ = {isa = PBXFileReference; lastKnownFileType = image.png; path = food_ramen_iekei.png; sourceTree = "<group>"; };
		2A9856A81E568E4100B9DCE6 /* food_shrimp_cocktail.png */ = {isa = PBXFileReference; lastKnownFileType = image.png; path = food_shrimp_cocktail.png; sourceTree = "<group>"; };
		2A9856AD1E56ECDE00B9DCE6 /* NextViewController.swift */ = {isa = PBXFileReference; fileEncoding = 4; lastKnownFileType = sourcecode.swift; path = NextViewController.swift; sourceTree = "<group>"; };
/* End PBXFileReference section */

/* Begin PBXFrameworksBuildPhase section */
		2A98568D1E568BFC00B9DCE6 /* Frameworks */ = {
			isa = PBXFrameworksBuildPhase;
			buildActionMask = 2147483647;
			files = (
			);
			runOnlyForDeploymentPostprocessing = 0;
		};
/* End PBXFrameworksBuildPhase section */

/* Begin PBXGroup section */
		2A9856871E568BFC00B9DCE6 = {
			isa = PBXGroup;
			children = (
				2A9856921E568BFC00B9DCE6 /* Sildeshowapp */,
				2A9856911E568BFC00B9DCE6 /* Products */,
			);
			sourceTree = "<group>";
		};
		2A9856911E568BFC00B9DCE6 /* Products */ = {
			isa = PBXGroup;
			children = (
				2A9856901E568BFC00B9DCE6 /* Sildeshowapp.app */,
			);
			name = Products;
			sourceTree = "<group>";
		};
		2A9856921E568BFC00B9DCE6 /* Sildeshowapp */ = {
			isa = PBXGroup;
			children = (
				2A9856931E568BFC00B9DCE6 /* AppDelegate.swift */,
				2A9856951E568BFC00B9DCE6 /* ViewController.swift */,
				2A9856A51E568E4100B9DCE6 /* food_gyuukatsu.png */,
				2A9856A61E568E4100B9DCE6 /* food_onion_gratin_soup.png */,
				2A9856A71E568E4100B9DCE6 /* food_ramen_iekei.png */,
				2A9856A81E568E4100B9DCE6 /* food_shrimp_cocktail.png */,
				2A9856971E568BFC00B9DCE6 /* Main.storyboard */,
				2A9856AD1E56ECDE00B9DCE6 /* NextViewController.swift */,
				2A98569A1E568BFC00B9DCE6 /* Assets.xcassets */,
				2A98569C1E568BFC00B9DCE6 /* LaunchScreen.storyboard */,
				2A98569F1E568BFC00B9DCE6 /* Info.plist */,
			);
			path = Sildeshowapp;
			sourceTree = "<group>";
		};
/* End PBXGroup section */

/* Begin PBXNativeTarget section */
		2A98568F1E568BFC00B9DCE6 /* Sildeshowapp */ = {
			isa = PBXNativeTarget;
			buildConfigurationList = 2A9856A21E568BFC00B9DCE6 /* Build configuration list for PBXNativeTarget "Sildeshowapp" */;
			buildPhases = (
				2A98568C1E568BFC00B9DCE6 /* Sources */,
				2A98568D1E568BFC00B9DCE6 /* Frameworks */,
				2A98568E1E568BFC00B9DCE6 /* Resources */,
			);
			buildRules = (
			);
			dependencies = (
			);
			name = Sildeshowapp;
			productName = Sildeshowapp;
			productReference = 2A9856901E568BFC00B9DCE6 /* Sildeshowapp.app */;
			productType = "com.apple.product-type.application";
		};
/* End PBXNativeTarget section */

/* Begin PBXProject section */
		2A9856881E568BFC00B9DCE6 /* Project object */ = {
			isa = PBXProject;
			attributes = {
				LastSwiftUpdateCheck = 0820;
				LastUpgradeCheck = 0820;
				ORGANIZATIONNAME = satoshi_nakajima;
				TargetAttributes = {
					2A98568F1E568BFC00B9DCE6 = {
						CreatedOnToolsVersion = 8.2.1;
						ProvisioningStyle = Automatic;
					};
				};
			};
			buildConfigurationList = 2A98568B1E568BFC00B9DCE6 /* Build configuration list for PBXProject "Sildeshowapp" */;
			compatibilityVersion = "Xcode 3.2";
			developmentRegion = English;
			hasScannedForEncodings = 0;
			knownRegions = (
				en,
				Base,
			);
			mainGroup = 2A9856871E568BFC00B9DCE6;
			productRefGroup = 2A9856911E568BFC00B9DCE6 /* Products */;
			projectDirPath = "";
			projectRoot = "";
			targets = (
				2A98568F1E568BFC00B9DCE6 /* Sildeshowapp */,
			);
		};
/* End PBXProject section */

/* Begin PBXResourcesBuildPhase section */
		2A98568E1E568BFC00B9DCE6 /* Resources */ = {
			isa = PBXResourcesBuildPhase;
			buildActionMask = 2147483647;
			files = (
				2A98569E1E568BFC00B9DCE6 /* LaunchScreen.storyboard in Resources */,
				2A9856AB1E568E4100B9DCE6 /* food_ramen_iekei.png in Resources */,
				2A98569B1E568BFC00B9DCE6 /* Assets.xcassets in Resources */,
				2A9856AC1E568E4100B9DCE6 /* food_shrimp_cocktail.png in Resources */,
				2A9856AA1E568E4100B9DCE6 /* food_onion_gratin_soup.png in Resources */,
				2A9856A91E568E4100B9DCE6 /* food_gyuukatsu.png in Resources */,
				2A9856991E568BFC00B9DCE6 /* Main.storyboard in Resources */,
			);
			runOnlyForDeploymentPostprocessing = 0;
		};
/* End PBXResourcesBuildPhase section */

/* Begin PBXSourcesBuildPhase section */
		2A98568C1E568BFC00B9DCE6 /* Sources */ = {
			isa = PBXSourcesBuildPhase;
			buildActionMask = 2147483647;
			files = (
				2A9856961E568BFC00B9DCE6 /* ViewController.swift in Sources */,
				2A9856AE1E56ECDE00B9DCE6 /* NextViewController.swift in Sources */,
				2A9856941E568BFC00B9DCE6 /* AppDelegate.swift in Sources */,
			);
			runOnlyForDeploymentPostprocessing = 0;
		};
/* End PBXSourcesBuildPhase section */

/* Begin PBXVariantGroup section */
		2A9856971E568BFC00B9DCE6 /* Main.storyboard */ = {
			isa = PBXVariantGroup;
			children = (
				2A9856981E568BFC00B9DCE6 /* Base */,
			);
			name = Main.storyboard;
			sourceTree = "<group>";
		};
		2A98569C1E568BFC00B9DCE6 /* LaunchScreen.storyboard */ = {
			isa = PBXVariantGroup;
			children = (
				2A98569D1E568BFC00B9DCE6 /* Base */,
			);
			name = LaunchScreen.storyboard;
			sourceTree = "<group>";
		};
/* End PBXVariantGroup section */

/* Begin XCBuildConfiguration section */
		2A9856A01E568BFC00B9DCE6 /* Debug */ = {
			isa = XCBuildConfiguration;
			buildSettings = {
				ALWAYS_SEARCH_USER_PATHS = NO;
				CLANG_ANALYZER_NONNULL = YES;
				CLANG_CXX_LANGUAGE_STANDARD = "gnu++0x";
				CLANG_CXX_LIBRARY = "libc++";
				CLANG_ENABLE_MODULES = YES;
				CLANG_ENABLE_OBJC_ARC = YES;
				CLANG_WARN_BOOL_CONVERSION = YES;
				CLANG_WARN_CONSTANT_CONVERSION = YES;
				CLANG_WARN_DIRECT_OBJC_ISA_USAGE = YES_ERROR;
				CLANG_WARN_DOCUMENTATION_COMMENTS = YES;
				CLANG_WARN_EMPTY_BODY = YES;
				CLANG_WARN_ENUM_CONVERSION = YES;
				CLANG_WARN_INFINITE_RECURSION = YES;
				CLANG_WARN_INT_CONVERSION = YES;
				CLANG_WARN_OBJC_ROOT_CLASS = YES_ERROR;
				CLANG_WARN_SUSPICIOUS_MOVE = YES;
				CLANG_WARN_UNREACHABLE_CODE = YES;
				CLANG_WARN__DUPLICATE_METHOD_MATCH = YES;
				"CODE_SIGN_IDENTITY[sdk=iphoneos*]" = "iPhone Developer";
				COPY_PHASE_STRIP = NO;
				DEBUG_INFORMATION_FORMAT = dwarf;
				ENABLE_STRICT_OBJC_MSGSEND = YES;
				ENABLE_TESTABILITY = YES;
				GCC_C_LANGUAGE_STANDARD = gnu99;
				GCC_DYNAMIC_NO_PIC = NO;
				GCC_NO_COMMON_BLOCKS = YES;
				GCC_OPTIMIZATION_LEVEL = 0;
				GCC_PREPROCESSOR_DEFINITIONS = (
					"DEBUG=1",
					"$(inherited)",
				);
				GCC_WARN_64_TO_32_BIT_CONVERSION = YES;
				GCC_WARN_ABOUT_RETURN_TYPE = YES_ERROR;
				GCC_WARN_UNDECLARED_SELECTOR = YES;
				GCC_WARN_UNINITIALIZED_AUTOS = YES_AGGRESSIVE;
				GCC_WARN_UNUSED_FUNCTION = YES;
				GCC_WARN_UNUSED_VARIABLE = YES;
				IPHONEOS_DEPLOYMENT_TARGET = 10.2;
				MTL_ENABLE_DEBUG_INFO = YES;
				ONLY_ACTIVE_ARCH = YES;
				SDKROOT = iphoneos;
				SWIFT_ACTIVE_COMPILATION_CONDITIONS = DEBUG;
				SWIFT_OPTIMIZATION_LEVEL = "-Onone";
				TARGETED_DEVICE_FAMILY = "1,2";
			};
			name = Debug;
		};
		2A9856A11E568BFC00B9DCE6 /* Release */ = {
			isa = XCBuildConfiguration;
			buildSettings = {
				ALWAYS_SEARCH_USER_PATHS = NO;
				CLANG_ANALYZER_NONNULL = YES;
				CLANG_CXX_LANGUAGE_STANDARD = "gnu++0x";
				CLANG_CXX_LIBRARY = "libc++";
				CLANG_ENABLE_MODULES = YES;
				CLANG_ENABLE_OBJC_ARC = YES;
				CLANG_WARN_BOOL_CONVERSION = YES;
				CLANG_WARN_CONSTANT_CONVERSION = YES;
				CLANG_WARN_DIRECT_OBJC_ISA_USAGE = YES_ERROR;
				CLANG_WARN_DOCUMENTATION_COMMENTS = YES;
				CLANG_WARN_EMPTY_BODY = YES;
				CLANG_WARN_ENUM_CONVERSION = YES;
				CLANG_WARN_INFINITE_RECURSION = YES;
				CLANG_WARN_INT_CONVERSION = YES;
				CLANG_WARN_OBJC_ROOT_CLASS = YES_ERROR;
				CLANG_WARN_SUSPICIOUS_MOVE = YES;
				CLANG_WARN_UNREACHABLE_CODE = YES;
				CLANG_WARN__DUPLICATE_METHOD_MATCH = YES;
				"CODE_SIGN_IDENTITY[sdk=iphoneos*]" = "iPhone Developer";
				COPY_PHASE_STRIP = NO;
				DEBUG_INFORMATION_FORMAT = "dwarf-with-dsym";
				ENABLE_NS_ASSERTIONS = NO;
				ENABLE_STRICT_OBJC_MSGSEND = YES;
				GCC_C_LANGUAGE_STANDARD = gnu99;
				GCC_NO_COMMON_BLOCKS = YES;
				GCC_WARN_64_TO_32_BIT_CONVERSION = YES;
				GCC_WARN_ABOUT_RETURN_TYPE = YES_ERROR;
				GCC_WARN_UNDECLARED_SELECTOR = YES;
				GCC_WARN_UNINITIALIZED_AUTOS = YES_AGGRESSIVE;
				GCC_WARN_UNUSED_FUNCTION = YES;
				GCC_WARN_UNUSED_VARIABLE = YES;
				IPHONEOS_DEPLOYMENT_TARGET = 10.2;
				MTL_ENABLE_DEBUG_INFO = NO;
				SDKROOT = iphoneos;
				SWIFT_OPTIMIZATION_LEVEL = "-Owholemodule";
				TARGETED_DEVICE_FAMILY = "1,2";
				VALIDATE_PRODUCT = YES;
			};
			name = Release;
		};
		2A9856A31E568BFC00B9DCE6 /* Debug */ = {
			isa = XCBuildConfiguration;
			buildSettings = {
				ASSETCATALOG_COMPILER_APPICON_NAME = AppIcon;
				INFOPLIST_FILE = Sildeshowapp/Info.plist;
				IPHONEOS_DEPLOYMENT_TARGET = 10.2;
				LD_RUNPATH_SEARCH_PATHS = "$(inherited) @executable_path/Frameworks";
				PRODUCT_BUNDLE_IDENTIFIER = jp.techacademy.satoshi.nakajima.Sildeshowapp;
				PRODUCT_NAME = "$(TARGET_NAME)";
				SWIFT_VERSION = 3.0;
			};
			name = Debug;
		};
		2A9856A41E568BFC00B9DCE6 /* Release */ = {
			isa = XCBuildConfiguration;
			buildSettings = {
				ASSETCATALOG_COMPILER_APPICON_NAME = AppIcon;
				INFOPLIST_FILE = Sildeshowapp/Info.plist;
				IPHONEOS_DEPLOYMENT_TARGET = 10.2;
				LD_RUNPATH_SEARCH_PATHS = "$(inherited) @executable_path/Frameworks";
				PRODUCT_BUNDLE_IDENTIFIER = jp.techacademy.satoshi.nakajima.Sildeshowapp;
				PRODUCT_NAME = "$(TARGET_NAME)";
				SWIFT_VERSION = 3.0;
			};
			name = Release;
		};
/* End XCBuildConfiguration section */

/* Begin XCConfigurationList section */
		2A98568B1E568BFC00B9DCE6 /* Build configuration list for PBXProject "Sildeshowapp" */ = {
			isa = XCConfigurationList;
			buildConfigurations = (
				2A9856A01E568BFC00B9DCE6 /* Debug */,
				2A9856A11E568BFC00B9DCE6 /* Release */,
			);
			defaultConfigurationIsVisible = 0;
			defaultConfigurationName = Release;
		};
		2A9856A21E568BFC00B9DCE6 /* Build configuration list for PBXNativeTarget "Sildeshowapp" */ = {
			isa = XCConfigurationList;
			buildConfigurations = (
				2A9856A31E568BFC00B9DCE6 /* Debug */,
				2A9856A41E568BFC00B9DCE6 /* Release */,
			);
			defaultConfigurationIsVisible = 0;
		};
/* End XCConfigurationList section */
	};
	rootObject = 2A9856881E568BFC00B9DCE6 /* Project object */;
}
